# THIS IS AN AUTOGENERATED FILE. DO NOT EDIT THIS FILE DIRECTLY.
assets/ajax-loader.gif:
  development: 2018-04-25T07:48:00-04:00   deca8b0ecd6974227d157b6d7068995d
assets/hero_slide_1.jpg:
  development: 2018-04-25T07:48:00-04:00   ddb8c824d7ab5a7c246dacd11921a32c
assets/ico-select.svg.liquid:
  development: 2018-04-25T07:48:00-04:00   9c9cc5a57cc74a0a64c2f62b1370a920
assets/icons.eot:
  development: 2018-04-25T07:48:00-04:00   127a3b3cc3149bb0243a71ecc3579db3
assets/icons.json:
  development: 2018-04-25T07:48:00-04:00   2de596df9a9db4f5361c8676cd4f4e31
assets/icons.svg:
  development: 2018-04-25T07:48:01-04:00   5cc5b9159a8777109daf5d5436853e31
assets/icons.ttf:
  development: 2018-04-25T07:48:01-04:00   cf607a1ac511dd85604219a4f8a684bf
assets/icons.woff:
  development: 2018-04-25T07:48:01-04:00   196654688c75e15816d1815e5b33fbb4
assets/lazysizes.min.js:
  development: 2018-04-25T07:48:01-04:00   830660aaaf0a60b712ad5c32482ee689
assets/theme.js.liquid:
  development: 2018-04-25T07:48:01-04:00   f198f88b478fa3e1058725117c6f893d
assets/theme.scss.liquid:
  development: 2018-04-25T07:48:01-04:00   78001cc1e3ba9b21f7e9f167ce9e5f48
assets/vendor.js:
  development: 2018-04-25T07:48:01-04:00   10dd238c021863093024f9408ee01928
config/settings_data.json:
  development: 2018-04-25T14:09:20-04:00   3b000aff56a38beeefb7308e4d76472a
config/settings_schema.json:
  development: 2018-04-25T07:48:04-04:00   15f2c76d0f5f2ef1a2b9c9d678880d59
layout/password.liquid:
  development: 2018-04-25T07:48:01-04:00   d9a52235780bd7708f49f33e6a532410
layout/theme.liquid:
  development: 2018-04-25T07:48:02-04:00   3e27731b34365fdef16c166bafa8ea15
locales/de.json:
  development: 2018-04-25T07:48:02-04:00   92f54ac4e5e7353f43c1fe1f71db9e66
locales/en.default.json:
  development: 2018-04-25T07:48:02-04:00   39c4f85cb6caa999dc4ae0713546511a
locales/es.json:
  development: 2018-04-25T07:48:02-04:00   9a0ce414ea1db0b6edac87fb2effebac
locales/fr.json:
  development: 2018-04-25T07:48:02-04:00   373d4c89f2ef8117beb06a9f2e63e77d
locales/it.json:
  development: 2018-04-25T07:48:02-04:00   5c2c0f729be174fdbe3c8c0bcf689321
locales/ja.json:
  development: 2018-04-25T07:48:02-04:00   1ce0ab416a821b5ed46f8b5a4bd1424a
locales/pt-BR.json:
  development: 2018-04-25T07:48:02-04:00   5d419138cd363dfbeda0060ebb57d5dc
locales/pt-PT.json:
  development: 2018-04-25T07:48:02-04:00   0d2016c1f6de14a1e72c52046489e4b3
sections/action-bar.liquid:
  development: 2018-04-25T07:47:58-04:00   da2239833b4c5b7c76d0afe999d0a160
sections/announcement-bar.liquid:
  development: 2018-04-25T07:47:58-04:00   50cacaff617033bba4bf52f922f18c8f
sections/article-template.liquid:
  development: 2018-04-25T07:47:58-04:00   93310a4b2d9fcaa38983626291b0e28d
sections/cart-template.liquid:
  development: 2018-04-25T07:47:59-04:00   274ec6b97ba795099cfa6075e63cd0dc
sections/collection-list.liquid:
  development: 2018-04-25T07:47:59-04:00   66b799c1c68bcb8711e3da378708b2bd
sections/collection-template.liquid:
  development: 2018-04-25T07:47:59-04:00   e0511c0a194672376b285975e4fb3e38
sections/custom-html.liquid:
  development: 2018-04-25T07:47:59-04:00   f7757fe28a54634f41d8ce01af7d0caa
sections/feature-row.liquid:
  development: 2018-04-25T07:47:59-04:00   dcaf372bfd29d220e37d5e120953ce0e
sections/featured-blog.liquid:
  development: 2018-04-25T07:47:59-04:00   0002aca9cdf7d86bf1d4df146fe16dc3
sections/featured-collection.liquid:
  development: 2018-04-25T07:47:59-04:00   9e841dc68eae7b5932affcfc5a84c39b
sections/featured-product.liquid:
  development: 2018-04-25T07:47:59-04:00   5e6c7d41d127bc9ce8773d0956fa8a6c
sections/featured-video.liquid:
  development: 2018-04-25T07:47:59-04:00   b05556f28e7ab4cd025f07efb669f005
sections/footer.liquid:
  development: 2018-04-25T07:47:59-04:00   8f259caa606fa273a4876f003ad2d09e
sections/header.liquid:
  development: 2018-04-25T07:47:59-04:00   8d8db5b43c4aa341862dad138183a9a7
sections/list-collections-template.liquid:
  development: 2018-04-25T07:47:59-04:00   3ff43670a51bb4a6a8934927623d171b
sections/map.liquid:
  development: 2018-04-25T07:47:59-04:00   613d2c5f7e9c418131e3850f9b5e6b48
sections/newsletter-signup.liquid:
  development: 2018-04-25T07:47:59-04:00   7ba9874b2f1f8b44fcff77d4e79a6c0f
sections/password-content.liquid:
  development: 2018-04-25T07:47:59-04:00   7fd55b1e5191adad36288a4a81afee8a
sections/password-header.liquid:
  development: 2018-04-25T07:47:59-04:00   3aa5195a2cb937b38796c0ca2ae41324
sections/product-template.liquid:
  development: 2018-04-25T07:47:59-04:00   118be9e6c47599e7a851227e467409b5
sections/rich-text.liquid:
  development: 2018-04-25T07:47:59-04:00   ba971b56fc8eb69fa372efc760493161
sections/search-template.liquid:
  development: 2018-04-25T07:48:00-04:00   3bf2bfe860d44ef33016cad95e4d397f
sections/sidebar-menu.liquid:
  development: 2018-04-25T07:48:00-04:00   e112b9558bd85fe691a6817ddbc0ad74
sections/slideshow.liquid:
  development: 2018-04-25T07:48:00-04:00   e9e8ff624c54746f4ee22cd97cb32c64
snippets/action-bar.liquid:
  development: 2018-04-25T07:48:02-04:00   e06ebbfcd99e8293fbf548e081358636
snippets/bgset.liquid:
  development: 2018-04-25T07:48:02-04:00   8ad59e6e63d9b9966cc92b60b3b89725
snippets/collection-grid-item.liquid:
  development: 2018-04-25T07:48:02-04:00   dc83324a9d4e8135bb188ba00bd5ba19
snippets/comment.liquid:
  development: 2018-04-25T07:48:02-04:00   8778ed2c4c873c73ddfcffcef6c62843
snippets/featured-products.liquid:
  development: 2018-04-25T07:48:02-04:00   4cf2d329c625270f8a5e9c95f9094274
snippets/home-content.liquid:
  development: 2018-04-25T07:48:02-04:00   145004f0781294fbe5eb3fe834c9b6fa
snippets/image-style.liquid:
  development: 2018-04-25T07:48:02-04:00   e044609de82fb515da86cbca64648274
snippets/onboarding-featured-blog.liquid:
  development: 2018-04-25T07:48:02-04:00   4160cb9363bf6d2502e29eaf850de029
snippets/onboarding-featured-collection.liquid:
  development: 2018-04-25T07:48:02-04:00   14f0127a8a72f019895efb258b64722c
snippets/pagination.liquid:
  development: 2018-04-25T07:48:02-04:00   e8afd037bbb7f6fc2f27408a48243570
snippets/product-grid-item.liquid:
  development: 2018-04-25T07:48:02-04:00   42d74d34857c9c534a1126cd2682050d
snippets/product-grid-width.liquid:
  development: 2018-04-25T07:48:02-04:00   ab066b6001d29f7238bf65935d6c9e48
snippets/social-meta-tags.liquid:
  development: 2018-04-25T07:48:03-04:00   ae9e213401623b2601abf0ace8e21537
snippets/social-sharing.liquid:
  development: 2018-04-25T07:48:03-04:00   087640288768644db37716100b99d963
snippets/svg-definitions.liquid:
  development: 2018-04-25T07:48:03-04:00   fe4fbc64d534e355fd8653de4ebac79a
templates/404.liquid:
  development: 2018-04-25T07:48:03-04:00   3174081e07543efa2348c842248bb6d2
templates/article.liquid:
  development: 2018-04-25T07:48:03-04:00   08563437ca9c95766c220339923d2899
templates/blog.liquid:
  development: 2018-04-25T07:48:03-04:00   7b381b331e7ede7532c5927e0189570b
templates/cart.liquid:
  development: 2018-04-25T07:48:03-04:00   c8fef44a3db43c4dbce3a32e0f40479c
templates/collection.liquid:
  development: 2018-04-25T07:48:03-04:00   f1cfa9fa0a88084d19c50ea943759817
templates/customers/account.liquid:
  development: 2018-04-25T07:48:03-04:00   d883804487e7c2e47d76b92271601c8a
templates/customers/activate_account.liquid:
  development: 2018-04-25T07:48:03-04:00   b9e036ff5217f909c6e6af0c42b87e9d
templates/customers/addresses.liquid:
  development: 2018-04-25T07:48:03-04:00   175e02dbb36db36baa2f79b30766275b
templates/customers/login.liquid:
  development: 2018-04-25T07:48:03-04:00   c5f6c61806808d997261d2ba14acba17
templates/customers/order.liquid:
  development: 2018-04-25T07:48:03-04:00   4619721875d56bede393c2635c965fd9
templates/customers/register.liquid:
  development: 2018-04-25T07:48:03-04:00   69d3668d2f3b18df2f0e3a39d1687036
templates/customers/reset_password.liquid:
  development: 2018-04-25T07:48:03-04:00   1b4e892fd7fbdc370faaf9e8a53b12c3
templates/gift_card.liquid:
  development: 2018-04-25T07:48:03-04:00   52197d323ed6b0e952b9731142e01c8c
templates/index.liquid:
  development: 2018-04-25T07:48:03-04:00   87e9dde6cac3ddd84a46a2ad509c77b1
templates/list-collections.liquid:
  development: 2018-04-25T07:48:03-04:00   eabed71f62563b929b8da83a4aeacbfb
templates/page.contact.liquid:
  development: 2018-04-25T07:48:03-04:00   ebccf47bffd3ea1a9737e8b6ad7f0d99
templates/page.liquid:
  development: 2018-04-25T07:48:03-04:00   9d2e558070eeb465e8a55e2cefbbca30
templates/password.liquid:
  development: 2018-04-25T07:48:03-04:00   5a4a0ce64e610f88e7efc1324781ae69
templates/product.liquid:
  development: 2018-04-25T07:48:03-04:00   919ce06f287bc64f96dd74c6c8d35b9b
templates/search.liquid:
  development: 2018-04-25T07:48:03-04:00   4ec0ea6ce3b6b98bd3dd3ac56626f0b6
